
Microsoft Visual Studio Solution File, Format Version 12.00
Project("{FAE04EC0-301F-11D3-BF4B-00C04F79EFBC}") = "Api14", "Api14\Api14.csproj", "{3CA00B92-2545-40E0-BA62-3334C410DC85}"
EndProject
Global
	GlobalSection(SolutionConfigurationPlatforms) = preSolution
		Debug|Any CPU = Debug|Any CPU
		Release|Any CPU = Release|Any CPU
	EndGlobalSection
	GlobalSection(ProjectConfigurationPlatforms) = postSolution
		{3CA00B92-2545-40E0-BA62-3334C410DC85}.Debug|Any CPU.ActiveCfg = Debug|Any CPU
		{3CA00B92-2545-40E0-BA62-3334C410DC85}.Debug|Any CPU.Build.0 = Debug|Any CPU
		{3CA00B92-2545-40E0-BA62-3334C410DC85}.Release|Any CPU.ActiveCfg = Release|Any CPU
		{3CA00B92-2545-40E0-BA62-3334C410DC85}.Release|Any CPU.Build.0 = Release|Any CPU
	EndGlobalSection
EndGlobal
